
Microsoft Visual Studio Solution File, Format Version 12.00
# Visual Studio 2012
Project("{8BC9CEB8-8B4A-11D0-8D11-00A0C91BC942}") = "PODEM", "PODEM.vcxproj", "{55CBABF4-22EA-44CB-8BB6-0E8CC6BC5831}"
EndProject
Global
	GlobalSection(SolutionConfigurationPlatforms) = preSolution
		Debug|Win32 = Debug|Win32
		Release|Win32 = Release|Win32
	EndGlobalSection
	GlobalSection(ProjectConfigurationPlatforms) = postSolution
		{55CBABF4-22EA-44CB-8BB6-0E8CC6BC5831}.Debug|Win32.ActiveCfg = Debug|Win32
		{55CBABF4-22EA-44CB-8BB6-0E8CC6BC5831}.Debug|Win32.Build.0 = Debug|Win32
		{55CBABF4-22EA-44CB-8BB6-0E8CC6BC5831}.Release|Win32.ActiveCfg = Release|Win32
		{55CBABF4-22EA-44CB-8BB6-0E8CC6BC5831}.Release|Win32.Build.0 = Release|Win32
	EndGlobalSection
	GlobalSection(SolutionProperties) = preSolution
		HideSolutionNode = FALSE
	EndGlobalSection
EndGlobal
